// !$*UTF8*$!
{
	archiveVersion = 1;
	classes = {
	};
	objectVersion = 46;
	objects = {

/* Begin PBXBuildFile section */
		AAA09942134E1FDE003A452F /* 04-squiggle.png in Resources */ = {isa = PBXBuildFile; fileRef = AAA0993E134E1FDE003A452F /* 04-squiggle.png */; };
		AAA09943134E1FDE003A452F /* 55-network.png in Resources */ = {isa = PBXBuildFile; fileRef = AAA0993F134E1FDE003A452F /* 55-network.png */; };
		AAA09944134E1FDE003A452F /* 73-radar.png in Resources */ = {isa = PBXBuildFile; fileRef = AAA09940134E1FDE003A452F /* 73-radar.png */; };
		AAA09945134E1FDE003A452F /* LICENSE.txt in Resources */ = {isa = PBXBuildFile; fileRef = AAA09941134E1FDE003A452F /* LICENSE.txt */; };
		AAA0994A134E24A7003A452F /* PolesZerosViewController.m in Sources */ = {isa = PBXBuildFile; fileRef = AAA09949134E24A7003A452F /* PolesZerosViewController.m */; };
		AAA0994D134E25AB003A452F /* PolesZerosView.m in Sources */ = {isa = PBXBuildFile; fileRef = AAA0994C134E25AB003A452F /* PolesZerosView.m */; };
		AACE32B11354ED6200028649 /* Vector.m in Sources */ = {isa = PBXBuildFile; fileRef = AACE32B01354ED6200028649 /* Vector.m */; };
		AACE32B41354ED7800028649 /* Axis.m in Sources */ = {isa = PBXBuildFile; fileRef = AACE32B31354ED7800028649 /* Axis.m */; };
		AACE32B71354EDB000028649 /* Graph.m in Sources */ = {isa = PBXBuildFile; fileRef = AACE32B61354EDB000028649 /* Graph.m */; };
		AACE32BA1354EDC000028649 /* UnitCircle.m in Sources */ = {isa = PBXBuildFile; fileRef = AACE32B91354EDC000028649 /* UnitCircle.m */; };
		AAE1E243134E112900C7D8C5 /* UIKit.framework in Frameworks */ = {isa = PBXBuildFile; fileRef = AAE1E242134E112900C7D8C5 /* UIKit.framework */; };
		AAE1E245134E112900C7D8C5 /* Foundation.framework in Frameworks */ = {isa = PBXBuildFile; fileRef = AAE1E244134E112900C7D8C5 /* Foundation.framework */; };
		AAE1E247134E112900C7D8C5 /* CoreGraphics.framework in Frameworks */ = {isa = PBXBuildFile; fileRef = AAE1E246134E112900C7D8C5 /* CoreGraphics.framework */; };
		AAE1E249134E112900C7D8C5 /* CoreData.framework in Frameworks */ = {isa = PBXBuildFile; fileRef = AAE1E248134E112900C7D8C5 /* CoreData.framework */; };
		AAE1E24F134E112900C7D8C5 /* InfoPlist.strings in Resources */ = {isa = PBXBuildFile; fileRef = AAE1E24D134E112900C7D8C5 /* InfoPlist.strings */; };
		AAE1E252134E112900C7D8C5 /* main.m in Sources */ = {isa = PBXBuildFile; fileRef = AAE1E251134E112900C7D8C5 /* main.m */; };
		AAE1E255134E112900C7D8C5 /* eBookAppDelegate.m in Sources */ = {isa = PBXBuildFile; fileRef = AAE1E254134E112900C7D8C5 /* eBookAppDelegate.m */; };
		AAE1E258134E112900C7D8C5 /* eBook.xcdatamodeld in Sources */ = {isa = PBXBuildFile; fileRef = AAE1E256134E112900C7D8C5 /* eBook.xcdatamodeld */; };
		AAE1E25C134E112A00C7D8C5 /* eBookAppDelegate_iPhone.m in Sources */ = {isa = PBXBuildFile; fileRef = AAE1E25B134E112A00C7D8C5 /* eBookAppDelegate_iPhone.m */; };
		AAE1E25F134E112A00C7D8C5 /* MainWindow_iPhone.xib in Resources */ = {isa = PBXBuildFile; fileRef = AAE1E25D134E112A00C7D8C5 /* MainWindow_iPhone.xib */; };
		AAE1E263134E112A00C7D8C5 /* eBookAppDelegate_iPad.m in Sources */ = {isa = PBXBuildFile; fileRef = AAE1E262134E112A00C7D8C5 /* eBookAppDelegate_iPad.m */; };
		AAE1E266134E112A00C7D8C5 /* MainWindow_iPad.xib in Resources */ = {isa = PBXBuildFile; fileRef = AAE1E264134E112A00C7D8C5 /* MainWindow_iPad.xib */; };
		AAE1E26D134E112A00C7D8C5 /* UIKit.framework in Frameworks */ = {isa = PBXBuildFile; fileRef = AAE1E242134E112900C7D8C5 /* UIKit.framework */; };
		AAE1E26E134E112A00C7D8C5 /* Foundation.framework in Frameworks */ = {isa = PBXBuildFile; fileRef = AAE1E244134E112900C7D8C5 /* Foundation.framework */; };
		AAE1E26F134E112A00C7D8C5 /* CoreGraphics.framework in Frameworks */ = {isa = PBXBuildFile; fileRef = AAE1E246134E112900C7D8C5 /* CoreGraphics.framework */; };
		AAE1E270134E112A00C7D8C5 /* CoreData.framework in Frameworks */ = {isa = PBXBuildFile; fileRef = AAE1E248134E112900C7D8C5 /* CoreData.framework */; };
		AAE1E278134E112A00C7D8C5 /* InfoPlist.strings in Resources */ = {isa = PBXBuildFile; fileRef = AAE1E276134E112A00C7D8C5 /* InfoPlist.strings */; };
		AAE1E27B134E112A00C7D8C5 /* eBookTests.h in Resources */ = {isa = PBXBuildFile; fileRef = AAE1E27A134E112A00C7D8C5 /* eBookTests.h */; };
		AAE1E27D134E112A00C7D8C5 /* eBookTests.m in Sources */ = {isa = PBXBuildFile; fileRef = AAE1E27C134E112A00C7D8C5 /* eBookTests.m */; };
/* End PBXBuildFile section */

/* Begin PBXContainerItemProxy section */
		AAE1E271134E112A00C7D8C5 /* PBXContainerItemProxy */ = {
			isa = PBXContainerItemProxy;
			containerPortal = AAE1E235134E112900C7D8C5 /* Project object */;
			proxyType = 1;
			remoteGlobalIDString = AAE1E23D134E112900C7D8C5;
			remoteInfo = eBook;
		};
/* End PBXContainerItemProxy section */

/* Begin PBXFileReference section */
		AAA0993E134E1FDE003A452F /* 04-squiggle.png */ = {isa = PBXFileReference; lastKnownFileType = image.png; path = "04-squiggle.png"; sourceTree = "<group>"; };
		AAA0993F134E1FDE003A452F /* 55-network.png */ = {isa = PBXFileReference; lastKnownFileType = image.png; path = "55-network.png"; sourceTree = "<group>"; };
		AAA09940134E1FDE003A452F /* 73-radar.png */ = {isa = PBXFileReference; lastKnownFileType = image.png; path = "73-radar.png"; sourceTree = "<group>"; };
		AAA09941134E1FDE003A452F /* LICENSE.txt */ = {isa = PBXFileReference; fileEncoding = 4; lastKnownFileType = text; path = LICENSE.txt; sourceTree = "<group>"; };
		AAA09948134E24A7003A452F /* PolesZerosViewController.h */ = {isa = PBXFileReference; fileEncoding = 4; lastKnownFileType = sourcecode.c.h; path = PolesZerosViewController.h; sourceTree = "<group>"; };
		AAA09949134E24A7003A452F /* PolesZerosViewController.m */ = {isa = PBXFileReference; fileEncoding = 4; lastKnownFileType = sourcecode.c.objc; path = PolesZerosViewController.m; sourceTree = "<group>"; };
		AAA0994B134E25AB003A452F /* PolesZerosView.h */ = {isa = PBXFileReference; fileEncoding = 4; lastKnownFileType = sourcecode.c.h; path = PolesZerosView.h; sourceTree = "<group>"; };
		AAA0994C134E25AB003A452F /* PolesZerosView.m */ = {isa = PBXFileReference; fileEncoding = 4; lastKnownFileType = sourcecode.c.objc; path = PolesZerosView.m; sourceTree = "<group>"; };
		AACE32AF1354ED6200028649 /* Vector.h */ = {isa = PBXFileReference; fileEncoding = 4; lastKnownFileType = sourcecode.c.h; path = Vector.h; sourceTree = "<group>"; };
		AACE32B01354ED6200028649 /* Vector.m */ = {isa = PBXFileReference; fileEncoding = 4; lastKnownFileType = sourcecode.c.objc; path = Vector.m; sourceTree = "<group>"; };
		AACE32B21354ED7800028649 /* Axis.h */ = {isa = PBXFileReference; fileEncoding = 4; lastKnownFileType = sourcecode.c.h; path = Axis.h; sourceTree = "<group>"; };
		AACE32B31354ED7800028649 /* Axis.m */ = {isa = PBXFileReference; fileEncoding = 4; lastKnownFileType = sourcecode.c.objc; path = Axis.m; sourceTree = "<group>"; };
		AACE32B51354EDB000028649 /* Graph.h */ = {isa = PBXFileReference; fileEncoding = 4; lastKnownFileType = sourcecode.c.h; path = Graph.h; sourceTree = "<group>"; };
		AACE32B61354EDB000028649 /* Graph.m */ = {isa = PBXFileReference; fileEncoding = 4; lastKnownFileType = sourcecode.c.objc; path = Graph.m; sourceTree = "<group>"; };
		AACE32B81354EDC000028649 /* UnitCircle.h */ = {isa = PBXFileReference; fileEncoding = 4; lastKnownFileType = sourcecode.c.h; path = UnitCircle.h; sourceTree = "<group>"; };
		AACE32B91354EDC000028649 /* UnitCircle.m */ = {isa = PBXFileReference; fileEncoding = 4; lastKnownFileType = sourcecode.c.objc; path = UnitCircle.m; sourceTree = "<group>"; };
		AAE1E23E134E112900C7D8C5 /* eBook.app */ = {isa = PBXFileReference; explicitFileType = wrapper.application; includeInIndex = 0; path = eBook.app; sourceTree = BUILT_PRODUCTS_DIR; };
		AAE1E242134E112900C7D8C5 /* UIKit.framework */ = {isa = PBXFileReference; lastKnownFileType = wrapper.framework; name = UIKit.framework; path = System/Library/Frameworks/UIKit.framework; sourceTree = SDKROOT; };
		AAE1E244134E112900C7D8C5 /* Foundation.framework */ = {isa = PBXFileReference; lastKnownFileType = wrapper.framework; name = Foundation.framework; path = System/Library/Frameworks/Foundation.framework; sourceTree = SDKROOT; };
		AAE1E246134E112900C7D8C5 /* CoreGraphics.framework */ = {isa = PBXFileReference; lastKnownFileType = wrapper.framework; name = CoreGraphics.framework; path = System/Library/Frameworks/CoreGraphics.framework; sourceTree = SDKROOT; };
		AAE1E248134E112900C7D8C5 /* CoreData.framework */ = {isa = PBXFileReference; lastKnownFileType = wrapper.framework; name = CoreData.framework; path = System/Library/Frameworks/CoreData.framework; sourceTree = SDKROOT; };
		AAE1E24C134E112900C7D8C5 /* eBook-Info.plist */ = {isa = PBXFileReference; lastKnownFileType = text.plist.xml; path = "eBook-Info.plist"; sourceTree = "<group>"; };
		AAE1E24E134E112900C7D8C5 /* en */ = {isa = PBXFileReference; lastKnownFileType = text.plist.strings; name = en; path = en.lproj/InfoPlist.strings; sourceTree = "<group>"; };
		AAE1E250134E112900C7D8C5 /* eBook-Prefix.pch */ = {isa = PBXFileReference; lastKnownFileType = sourcecode.c.h; path = "eBook-Prefix.pch"; sourceTree = "<group>"; };
		AAE1E251134E112900C7D8C5 /* main.m */ = {isa = PBXFileReference; lastKnownFileType = sourcecode.c.objc; path = main.m; sourceTree = "<group>"; };
		AAE1E253134E112900C7D8C5 /* eBookAppDelegate.h */ = {isa = PBXFileReference; lastKnownFileType = sourcecode.c.h; path = eBookAppDelegate.h; sourceTree = "<group>"; };
		AAE1E254134E112900C7D8C5 /* eBookAppDelegate.m */ = {isa = PBXFileReference; lastKnownFileType = sourcecode.c.objc; path = eBookAppDelegate.m; sourceTree = "<group>"; };
		AAE1E257134E112900C7D8C5 /* eBook.xcdatamodel */ = {isa = PBXFileReference; lastKnownFileType = wrapper.xcdatamodel; path = eBook.xcdatamodel; sourceTree = "<group>"; };
		AAE1E25A134E112A00C7D8C5 /* eBookAppDelegate_iPhone.h */ = {isa = PBXFileReference; lastKnownFileType = sourcecode.c.h; name = eBookAppDelegate_iPhone.h; path = iPhone/eBookAppDelegate_iPhone.h; sourceTree = "<group>"; };
		AAE1E25B134E112A00C7D8C5 /* eBookAppDelegate_iPhone.m */ = {isa = PBXFileReference; lastKnownFileType = sourcecode.c.objc; name = eBookAppDelegate_iPhone.m; path = iPhone/eBookAppDelegate_iPhone.m; sourceTree = "<group>"; };
		AAE1E25E134E112A00C7D8C5 /* en */ = {isa = PBXFileReference; lastKnownFileType = file.xib; name = en; path = iPhone/en.lproj/MainWindow_iPhone.xib; sourceTree = "<group>"; };
		AAE1E261134E112A00C7D8C5 /* eBookAppDelegate_iPad.h */ = {isa = PBXFileReference; lastKnownFileType = sourcecode.c.h; name = eBookAppDelegate_iPad.h; path = iPad/eBookAppDelegate_iPad.h; sourceTree = "<group>"; };
		AAE1E262134E112A00C7D8C5 /* eBookAppDelegate_iPad.m */ = {isa = PBXFileReference; lastKnownFileType = sourcecode.c.objc; name = eBookAppDelegate_iPad.m; path = iPad/eBookAppDelegate_iPad.m; sourceTree = "<group>"; };
		AAE1E265134E112A00C7D8C5 /* en */ = {isa = PBXFileReference; lastKnownFileType = file.xib; name = en; path = iPad/en.lproj/MainWindow_iPad.xib; sourceTree = "<group>"; };
		AAE1E26C134E112A00C7D8C5 /* eBookTests.octest */ = {isa = PBXFileReference; explicitFileType = wrapper.cfbundle; includeInIndex = 0; path = eBookTests.octest; sourceTree = BUILT_PRODUCTS_DIR; };
		AAE1E275134E112A00C7D8C5 /* eBookTests-Info.plist */ = {isa = PBXFileReference; lastKnownFileType = text.plist.xml; path = "eBookTests-Info.plist"; sourceTree = "<group>"; };
		AAE1E277134E112A00C7D8C5 /* en */ = {isa = PBXFileReference; lastKnownFileType = text.plist.strings; name = en; path = en.lproj/InfoPlist.strings; sourceTree = "<group>"; };
		AAE1E279134E112A00C7D8C5 /* eBookTests-Prefix.pch */ = {isa = PBXFileReference; lastKnownFileType = sourcecode.c.h; path = "eBookTests-Prefix.pch"; sourceTree = "<group>"; };
		AAE1E27A134E112A00C7D8C5 /* eBookTests.h */ = {isa = PBXFileReference; lastKnownFileType = sourcecode.c.h; path = eBookTests.h; sourceTree = "<group>"; };
		AAE1E27C134E112A00C7D8C5 /* eBookTests.m */ = {isa = PBXFileReference; lastKnownFileType = sourcecode.c.objc; path = eBookTests.m; sourceTree = "<group>"; };
/* End PBXFileReference section */

/* Begin PBXFrameworksBuildPhase section */
		AAE1E23B134E112900C7D8C5 /* Frameworks */ = {
			isa = PBXFrameworksBuildPhase;
			buildActionMask = 2147483647;
			files = (
				AAE1E243134E112900C7D8C5 /* UIKit.framework in Frameworks */,
				AAE1E245134E112900C7D8C5 /* Foundation.framework in Frameworks */,
				AAE1E247134E112900C7D8C5 /* CoreGraphics.framework in Frameworks */,
				AAE1E249134E112900C7D8C5 /* CoreData.framework in Frameworks */,
			);
			runOnlyForDeploymentPostprocessing = 0;
		};
		AAE1E268134E112A00C7D8C5 /* Frameworks */ = {
			isa = PBXFrameworksBuildPhase;
			buildActionMask = 2147483647;
			files = (
				AAE1E26D134E112A00C7D8C5 /* UIKit.framework in Frameworks */,
				AAE1E26E134E112A00C7D8C5 /* Foundation.framework in Frameworks */,
				AAE1E26F134E112A00C7D8C5 /* CoreGraphics.framework in Frameworks */,
				AAE1E270134E112A00C7D8C5 /* CoreData.framework in Frameworks */,
			);
			runOnlyForDeploymentPostprocessing = 0;
		};
/* End PBXFrameworksBuildPhase section */

/* Begin PBXGroup section */
		AAA0993D134E1FDE003A452F /* icons */ = {
			isa = PBXGroup;
			children = (
				AAA0993E134E1FDE003A452F /* 04-squiggle.png */,
				AAA0993F134E1FDE003A452F /* 55-network.png */,
				AAA09940134E1FDE003A452F /* 73-radar.png */,
				AAA09941134E1FDE003A452F /* LICENSE.txt */,
			);
			path = icons;
			sourceTree = "<group>";
		};
		AAA09947134E2451003A452F /* ViewControllers */ = {
			isa = PBXGroup;
			children = (
				AAA09948134E24A7003A452F /* PolesZerosViewController.h */,
				AAA09949134E24A7003A452F /* PolesZerosViewController.m */,
				AAA0994B134E25AB003A452F /* PolesZerosView.h */,
				AAA0994C134E25AB003A452F /* PolesZerosView.m */,
			);
			name = ViewControllers;
			sourceTree = "<group>";
		};
		AACE32AD1354ED3800028649 /* Classes */ = {
			isa = PBXGroup;
			children = (
				AACE32AF1354ED6200028649 /* Vector.h */,
				AACE32B01354ED6200028649 /* Vector.m */,
				AACE32B21354ED7800028649 /* Axis.h */,
				AACE32B31354ED7800028649 /* Axis.m */,
				AACE32B51354EDB000028649 /* Graph.h */,
				AACE32B61354EDB000028649 /* Graph.m */,
				AACE32B81354EDC000028649 /* UnitCircle.h */,
				AACE32B91354EDC000028649 /* UnitCircle.m */,
			);
			name = Classes;
			sourceTree = "<group>";
		};
		AAE1E233134E112900C7D8C5 = {
			isa = PBXGroup;
			children = (
				AAE1E24A134E112900C7D8C5 /* eBook */,
				AAE1E273134E112A00C7D8C5 /* eBookTests */,
				AAE1E241134E112900C7D8C5 /* Frameworks */,
				AAE1E23F134E112900C7D8C5 /* Products */,
				AAA0993D134E1FDE003A452F /* icons */,
			);
			sourceTree = "<group>";
		};
		AAE1E23F134E112900C7D8C5 /* Products */ = {
			isa = PBXGroup;
			children = (
				AAE1E23E134E112900C7D8C5 /* eBook.app */,
				AAE1E26C134E112A00C7D8C5 /* eBookTests.octest */,
			);
			name = Products;
			sourceTree = "<group>";
		};
		AAE1E241134E112900C7D8C5 /* Frameworks */ = {
			isa = PBXGroup;
			children = (
				AAE1E242134E112900C7D8C5 /* UIKit.framework */,
				AAE1E244134E112900C7D8C5 /* Foundation.framework */,
				AAE1E246134E112900C7D8C5 /* CoreGraphics.framework */,
				AAE1E248134E112900C7D8C5 /* CoreData.framework */,
			);
			name = Frameworks;
			sourceTree = "<group>";
		};
		AAE1E24A134E112900C7D8C5 /* eBook */ = {
			isa = PBXGroup;
			children = (
				AACE32AD1354ED3800028649 /* Classes */,
				AAA09947134E2451003A452F /* ViewControllers */,
				AAE1E253134E112900C7D8C5 /* eBookAppDelegate.h */,
				AAE1E254134E112900C7D8C5 /* eBookAppDelegate.m */,
				AAE1E256134E112900C7D8C5 /* eBook.xcdatamodeld */,
				AAE1E259134E112A00C7D8C5 /* iPhone */,
				AAE1E260134E112A00C7D8C5 /* iPad */,
				AAE1E24B134E112900C7D8C5 /* Supporting Files */,
			);
			path = eBook;
			sourceTree = "<group>";
		};
		AAE1E24B134E112900C7D8C5 /* Supporting Files */ = {
			isa = PBXGroup;
			children = (
				AAE1E24C134E112900C7D8C5 /* eBook-Info.plist */,
				AAE1E24D134E112900C7D8C5 /* InfoPlist.strings */,
				AAE1E250134E112900C7D8C5 /* eBook-Prefix.pch */,
				AAE1E251134E112900C7D8C5 /* main.m */,
			);
			name = "Supporting Files";
			sourceTree = "<group>";
		};
		AAE1E259134E112A00C7D8C5 /* iPhone */ = {
			isa = PBXGroup;
			children = (
				AAE1E25A134E112A00C7D8C5 /* eBookAppDelegate_iPhone.h */,
				AAE1E25B134E112A00C7D8C5 /* eBookAppDelegate_iPhone.m */,
				AAE1E25D134E112A00C7D8C5 /* MainWindow_iPhone.xib */,
			);
			name = iPhone;
			sourceTree = "<group>";
		};
		AAE1E260134E112A00C7D8C5 /* iPad */ = {
			isa = PBXGroup;
			children = (
				AAE1E261134E112A00C7D8C5 /* eBookAppDelegate_iPad.h */,
				AAE1E262134E112A00C7D8C5 /* eBookAppDelegate_iPad.m */,
				AAE1E264134E112A00C7D8C5 /* MainWindow_iPad.xib */,
			);
			name = iPad;
			sourceTree = "<group>";
		};
		AAE1E273134E112A00C7D8C5 /* eBookTests */ = {
			isa = PBXGroup;
			children = (
				AAE1E27A134E112A00C7D8C5 /* eBookTests.h */,
				AAE1E27C134E112A00C7D8C5 /* eBookTests.m */,
				AAE1E274134E112A00C7D8C5 /* Supporting Files */,
			);
			path = eBookTests;
			sourceTree = "<group>";
		};
		AAE1E274134E112A00C7D8C5 /* Supporting Files */ = {
			isa = PBXGroup;
			children = (
				AAE1E275134E112A00C7D8C5 /* eBookTests-Info.plist */,
				AAE1E276134E112A00C7D8C5 /* InfoPlist.strings */,
				AAE1E279134E112A00C7D8C5 /* eBookTests-Prefix.pch */,
			);
			name = "Supporting Files";
			sourceTree = "<group>";
		};
/* End PBXGroup section */

/* Begin PBXNativeTarget section */
		AAE1E23D134E112900C7D8C5 /* eBook */ = {
			isa = PBXNativeTarget;
			buildConfigurationList = AAE1E280134E112A00C7D8C5 /* Build configuration list for PBXNativeTarget "eBook" */;
			buildPhases = (
				AAE1E23A134E112900C7D8C5 /* Sources */,
				AAE1E23B134E112900C7D8C5 /* Frameworks */,
				AAE1E23C134E112900C7D8C5 /* Resources */,
			);
			buildRules = (
			);
			dependencies = (
			);
			name = eBook;
			productName = eBook;
			productReference = AAE1E23E134E112900C7D8C5 /* eBook.app */;
			productType = "com.apple.product-type.application";
		};
		AAE1E26B134E112A00C7D8C5 /* eBookTests */ = {
			isa = PBXNativeTarget;
			buildConfigurationList = AAE1E283134E112A00C7D8C5 /* Build configuration list for PBXNativeTarget "eBookTests" */;
			buildPhases = (
				AAE1E267134E112A00C7D8C5 /* Sources */,
				AAE1E268134E112A00C7D8C5 /* Frameworks */,
				AAE1E269134E112A00C7D8C5 /* Resources */,
				AAE1E26A134E112A00C7D8C5 /* ShellScript */,
			);
			buildRules = (
			);
			dependencies = (
				AAE1E272134E112A00C7D8C5 /* PBXTargetDependency */,
			);
			name = eBookTests;
			productName = eBookTests;
			productReference = AAE1E26C134E112A00C7D8C5 /* eBookTests.octest */;
			productType = "com.apple.product-type.bundle";
		};
/* End PBXNativeTarget section */

/* Begin PBXProject section */
		AAE1E235134E112900C7D8C5 /* Project object */ = {
			isa = PBXProject;
			attributes = {
				ORGANIZATIONNAME = "Pyramation Media";
			};
			buildConfigurationList = AAE1E238134E112900C7D8C5 /* Build configuration list for PBXProject "eBook" */;
			compatibilityVersion = "Xcode 3.2";
			developmentRegion = English;
			hasScannedForEncodings = 0;
			knownRegions = (
				en,
			);
			mainGroup = AAE1E233134E112900C7D8C5;
			productRefGroup = AAE1E23F134E112900C7D8C5 /* Products */;
			projectDirPath = "";
			projectRoot = "";
			targets = (
				AAE1E23D134E112900C7D8C5 /* eBook */,
				AAE1E26B134E112A00C7D8C5 /* eBookTests */,
			);
		};
/* End PBXProject section */

/* Begin PBXResourcesBuildPhase section */
		AAE1E23C134E112900C7D8C5 /* Resources */ = {
			isa = PBXResourcesBuildPhase;
			buildActionMask = 2147483647;
			files = (
				AAE1E24F134E112900C7D8C5 /* InfoPlist.strings in Resources */,
				AAE1E25F134E112A00C7D8C5 /* MainWindow_iPhone.xib in Resources */,
				AAE1E266134E112A00C7D8C5 /* MainWindow_iPad.xib in Resources */,
				AAA09942134E1FDE003A452F /* 04-squiggle.png in Resources */,
				AAA09943134E1FDE003A452F /* 55-network.png in Resources */,
				AAA09944134E1FDE003A452F /* 73-radar.png in Resources */,
				AAA09945134E1FDE003A452F /* LICENSE.txt in Resources */,
			);
			runOnlyForDeploymentPostprocessing = 0;
		};
		AAE1E269134E112A00C7D8C5 /* Resources */ = {
			isa = PBXResourcesBuildPhase;
			buildActionMask = 2147483647;
			files = (
				AAE1E278134E112A00C7D8C5 /* InfoPlist.strings in Resources */,
				AAE1E27B134E112A00C7D8C5 /* eBookTests.h in Resources */,
			);
			runOnlyForDeploymentPostprocessing = 0;
		};
/* End PBXResourcesBuildPhase section */

/* Begin PBXShellScriptBuildPhase section */
		AAE1E26A134E112A00C7D8C5 /* ShellScript */ = {
			isa = PBXShellScriptBuildPhase;
			buildActionMask = 2147483647;
			files = (
			);
			inputPaths = (
			);
			outputPaths = (
			);
			runOnlyForDeploymentPostprocessing = 0;
			shellPath = /bin/sh;
			shellScript = "# Run the unit tests in this test bundle.\n\"${SYSTEM_DEVELOPER_DIR}/Tools/RunUnitTests\"\n";
		};
/* End PBXShellScriptBuildPhase section */

/* Begin PBXSourcesBuildPhase section */
		AAE1E23A134E112900C7D8C5 /* Sources */ = {
			isa = PBXSourcesBuildPhase;
			buildActionMask = 2147483647;
			files = (
				AAE1E252134E112900C7D8C5 /* main.m in Sources */,
				AAE1E255134E112900C7D8C5 /* eBookAppDelegate.m in Sources */,
				AAE1E258134E112900C7D8C5 /* eBook.xcdatamodeld in Sources */,
				AAE1E25C134E112A00C7D8C5 /* eBookAppDelegate_iPhone.m in Sources */,
				AAE1E263134E112A00C7D8C5 /* eBookAppDelegate_iPad.m in Sources */,
				AAA0994A134E24A7003A452F /* PolesZerosViewController.m in Sources */,
				AAA0994D134E25AB003A452F /* PolesZerosView.m in Sources */,
				AACE32B11354ED6200028649 /* Vector.m in Sources */,
				AACE32B41354ED7800028649 /* Axis.m in Sources */,
				AACE32B71354EDB000028649 /* Graph.m in Sources */,
				AACE32BA1354EDC000028649 /* UnitCircle.m in Sources */,
			);
			runOnlyForDeploymentPostprocessing = 0;
		};
		AAE1E267134E112A00C7D8C5 /* Sources */ = {
			isa = PBXSourcesBuildPhase;
			buildActionMask = 2147483647;
			files = (
				AAE1E27D134E112A00C7D8C5 /* eBookTests.m in Sources */,
			);
			runOnlyForDeploymentPostprocessing = 0;
		};
/* End PBXSourcesBuildPhase section */

/* Begin PBXTargetDependency section */
		AAE1E272134E112A00C7D8C5 /* PBXTargetDependency */ = {
			isa = PBXTargetDependency;
			target = AAE1E23D134E112900C7D8C5 /* eBook */;
			targetProxy = AAE1E271134E112A00C7D8C5 /* PBXContainerItemProxy */;
		};
/* End PBXTargetDependency section */

/* Begin PBXVariantGroup section */
		AAE1E24D134E112900C7D8C5 /* InfoPlist.strings */ = {
			isa = PBXVariantGroup;
			children = (
				AAE1E24E134E112900C7D8C5 /* en */,
			);
			name = InfoPlist.strings;
			sourceTree = "<group>";
		};
		AAE1E25D134E112A00C7D8C5 /* MainWindow_iPhone.xib */ = {
			isa = PBXVariantGroup;
			children = (
				AAE1E25E134E112A00C7D8C5 /* en */,
			);
			name = MainWindow_iPhone.xib;
			sourceTree = "<group>";
		};
		AAE1E264134E112A00C7D8C5 /* MainWindow_iPad.xib */ = {
			isa = PBXVariantGroup;
			children = (
				AAE1E265134E112A00C7D8C5 /* en */,
			);
			name = MainWindow_iPad.xib;
			sourceTree = "<group>";
		};
		AAE1E276134E112A00C7D8C5 /* InfoPlist.strings */ = {
			isa = PBXVariantGroup;
			children = (
				AAE1E277134E112A00C7D8C5 /* en */,
			);
			name = InfoPlist.strings;
			sourceTree = "<group>";
		};
/* End PBXVariantGroup section */

/* Begin XCBuildConfiguration section */
		AAE1E27E134E112A00C7D8C5 /* Debug */ = {
			isa = XCBuildConfiguration;
			buildSettings = {
				ARCHS = "$(ARCHS_STANDARD_32_BIT)";
				"CODE_SIGN_IDENTITY[sdk=iphoneos*]" = "iPhone Developer";
				GCC_C_LANGUAGE_STANDARD = gnu99;
				GCC_OPTIMIZATION_LEVEL = 0;
				GCC_PREPROCESSOR_DEFINITIONS = DEBUG;
				GCC_SYMBOLS_PRIVATE_EXTERN = NO;
				GCC_VERSION = com.apple.compilers.llvmgcc42;
				GCC_WARN_ABOUT_RETURN_TYPE = YES;
				GCC_WARN_UNUSED_VARIABLE = YES;
				IPHONEOS_DEPLOYMENT_TARGET = 4.3;
				SDKROOT = iphoneos;
				TARGETED_DEVICE_FAMILY = "1,2";
			};
			name = Debug;
		};
		AAE1E27F134E112A00C7D8C5 /* Release */ = {
			isa = XCBuildConfiguration;
			buildSettings = {
				ARCHS = "$(ARCHS_STANDARD_32_BIT)";
				"CODE_SIGN_IDENTITY[sdk=iphoneos*]" = "iPhone Developer";
				GCC_C_LANGUAGE_STANDARD = gnu99;
				GCC_VERSION = com.apple.compilers.llvmgcc42;
				GCC_WARN_ABOUT_RETURN_TYPE = YES;
				GCC_WARN_UNUSED_VARIABLE = YES;
				IPHONEOS_DEPLOYMENT_TARGET = 4.3;
				OTHER_CFLAGS = "-DNS_BLOCK_ASSERTIONS=1";
				SDKROOT = iphoneos;
				TARGETED_DEVICE_FAMILY = "1,2";
			};
			name = Release;
		};
		AAE1E281134E112A00C7D8C5 /* Debug */ = {
			isa = XCBuildConfiguration;
			buildSettings = {
				ALWAYS_SEARCH_USER_PATHS = NO;
				COPY_PHASE_STRIP = NO;
				GCC_DYNAMIC_NO_PIC = NO;
				GCC_PRECOMPILE_PREFIX_HEADER = YES;
				GCC_PREFIX_HEADER = "eBook/eBook-Prefix.pch";
				INFOPLIST_FILE = "eBook/eBook-Info.plist";
				PRODUCT_NAME = "$(TARGET_NAME)";
				WRAPPER_EXTENSION = app;
			};
			name = Debug;
		};
		AAE1E282134E112A00C7D8C5 /* Release */ = {
			isa = XCBuildConfiguration;
			buildSettings = {
				ALWAYS_SEARCH_USER_PATHS = NO;
				COPY_PHASE_STRIP = YES;
				GCC_PRECOMPILE_PREFIX_HEADER = YES;
				GCC_PREFIX_HEADER = "eBook/eBook-Prefix.pch";
				INFOPLIST_FILE = "eBook/eBook-Info.plist";
				PRODUCT_NAME = "$(TARGET_NAME)";
				VALIDATE_PRODUCT = YES;
				WRAPPER_EXTENSION = app;
			};
			name = Release;
		};
		AAE1E284134E112A00C7D8C5 /* Debug */ = {
			isa = XCBuildConfiguration;
			buildSettings = {
				ALWAYS_SEARCH_USER_PATHS = NO;
				BUNDLE_LOADER = "$(BUILT_PRODUCTS_DIR)/eBook.app/eBook";
				FRAMEWORK_SEARCH_PATHS = (
					"$(SDKROOT)/Developer/Library/Frameworks",
					"$(DEVELOPER_LIBRARY_DIR)/Frameworks",
				);
				GCC_PRECOMPILE_PREFIX_HEADER = YES;
				GCC_PREFIX_HEADER = "eBookTests/eBookTests-Prefix.pch";
				INFOPLIST_FILE = "eBookTests/eBookTests-Info.plist";
				OTHER_LDFLAGS = (
					"-framework",
					SenTestingKit,
				);
				PRODUCT_NAME = "$(TARGET_NAME)";
				TEST_HOST = "$(BUNDLE_LOADER)";
				WRAPPER_EXTENSION = octest;
			};
			name = Debug;
		};
		AAE1E285134E112A00C7D8C5 /* Release */ = {
			isa = XCBuildConfiguration;
			buildSettings = {
				ALWAYS_SEARCH_USER_PATHS = NO;
				BUNDLE_LOADER = "$(BUILT_PRODUCTS_DIR)/eBook.app/eBook";
				FRAMEWORK_SEARCH_PATHS = (
					"$(SDKROOT)/Developer/Library/Frameworks",
					"$(DEVELOPER_LIBRARY_DIR)/Frameworks",
				);
				GCC_PRECOMPILE_PREFIX_HEADER = YES;
				GCC_PREFIX_HEADER = "eBookTests/eBookTests-Prefix.pch";
				INFOPLIST_FILE = "eBookTests/eBookTests-Info.plist";
				OTHER_LDFLAGS = (
					"-framework",
					SenTestingKit,
				);
				PRODUCT_NAME = "$(TARGET_NAME)";
				TEST_HOST = "$(BUNDLE_LOADER)";
				WRAPPER_EXTENSION = octest;
			};
			name = Release;
		};
/* End XCBuildConfiguration section */

/* Begin XCConfigurationList section */
		AAE1E238134E112900C7D8C5 /* Build configuration list for PBXProject "eBook" */ = {
			isa = XCConfigurationList;
			buildConfigurations = (
				AAE1E27E134E112A00C7D8C5 /* Debug */,
				AAE1E27F134E112A00C7D8C5 /* Release */,
			);
			defaultConfigurationIsVisible = 0;
			defaultConfigurationName = Release;
		};
		AAE1E280134E112A00C7D8C5 /* Build configuration list for PBXNativeTarget "eBook" */ = {
			isa = XCConfigurationList;
			buildConfigurations = (
				AAE1E281134E112A00C7D8C5 /* Debug */,
				AAE1E282134E112A00C7D8C5 /* Release */,
			);
			defaultConfigurationIsVisible = 0;
			defaultConfigurationName = Release;
		};
		AAE1E283134E112A00C7D8C5 /* Build configuration list for PBXNativeTarget "eBookTests" */ = {
			isa = XCConfigurationList;
			buildConfigurations = (
				AAE1E284134E112A00C7D8C5 /* Debug */,
				AAE1E285134E112A00C7D8C5 /* Release */,
			);
			defaultConfigurationIsVisible = 0;
			defaultConfigurationName = Release;
		};
/* End XCConfigurationList section */

/* Begin XCVersionGroup section */
		AAE1E256134E112900C7D8C5 /* eBook.xcdatamodeld */ = {
			isa = XCVersionGroup;
			children = (
				AAE1E257134E112900C7D8C5 /* eBook.xcdatamodel */,
			);
			currentVersion = AAE1E257134E112900C7D8C5 /* eBook.xcdatamodel */;
			path = eBook.xcdatamodeld;
			sourceTree = "<group>";
			versionGroupType = wrapper.xcdatamodel;
		};
/* End XCVersionGroup section */
	};
	rootObject = AAE1E235134E112900C7D8C5 /* Project object */;
}
